
Microsoft Visual Studio Solution File, Format Version 12.00
# Visual Studio Version 16
VisualStudioVersion = 16.0.29926.136
MinimumVisualStudioVersion = 10.0.40219.1
Project("{FAE04EC0-301F-11D3-BF4B-00C04F79EFBC}") = "Huggy.Client.Api", "Huggy.Client.Api\Huggy.Client.Api.csproj", "{647E78A2-A6C1-4936-97DE-78D4180D0D9F}"
EndProject
Global
	GlobalSection(SolutionConfigurationPlatforms) = preSolution
		Debug|Any CPU = Debug|Any CPU
		Release|Any CPU = Release|Any CPU
	EndGlobalSection
	GlobalSection(ProjectConfigurationPlatforms) = postSolution
		{647E78A2-A6C1-4936-97DE-78D4180D0D9F}.Debug|Any CPU.ActiveCfg = Debug|Any CPU
		{647E78A2-A6C1-4936-97DE-78D4180D0D9F}.Debug|Any CPU.Build.0 = Debug|Any CPU
		{647E78A2-A6C1-4936-97DE-78D4180D0D9F}.Release|Any CPU.ActiveCfg = Release|Any CPU
		{647E78A2-A6C1-4936-97DE-78D4180D0D9F}.Release|Any CPU.Build.0 = Release|Any CPU
	EndGlobalSection
	GlobalSection(SolutionProperties) = preSolution
		HideSolutionNode = FALSE
	EndGlobalSection
	GlobalSection(ExtensibilityGlobals) = postSolution
		SolutionGuid = {1FBD6109-FBF9-40EE-9053-9FF3DC4142CD}
	EndGlobalSection
EndGlobal
